// !$*UTF8*$!
{
	archiveVersion = 1;
	classes = {
	};
	objectVersion = 50;
	objects = {

/* Begin PBXBuildFile section */
		AFF3B972262489E2003F85E3 /* ColorPickerSlider2App.swift in Sources */ = {isa = PBXBuildFile; fileRef = AFF3B971262489E2003F85E3 /* ColorPickerSlider2App.swift */; };
		AFF3B974262489E2003F85E3 /* ContentView.swift in Sources */ = {isa = PBXBuildFile; fileRef = AFF3B973262489E2003F85E3 /* ContentView.swift */; };
		AFF3B976262489F1003F85E3 /* Assets.xcassets in Resources */ = {isa = PBXBuildFile; fileRef = AFF3B975262489F1003F85E3 /* Assets.xcassets */; };
		AFF3B979262489F1003F85E3 /* Preview Assets.xcassets in Resources */ = {isa = PBXBuildFile; fileRef = AFF3B978262489F1003F85E3 /* Preview Assets.xcassets */; };
		AFF3B98226248A17003F85E3 /* ColorSwatch.swift in Sources */ = {isa = PBXBuildFile; fileRef = AFF3B98126248A17003F85E3 /* ColorSwatch.swift */; };
		AFF3B98826249382003F85E3 /* ColorSliderView.swift in Sources */ = {isa = PBXBuildFile; fileRef = AFF3B98726249381003F85E3 /* ColorSliderView.swift */; };
/* End PBXBuildFile section */

/* Begin PBXFileReference section */
		AFF3B96E262489E2003F85E3 /* ColorPickerSlider2.app */ = {isa = PBXFileReference; explicitFileType = wrapper.application; includeInIndex = 0; path = ColorPickerSlider2.app; sourceTree = BUILT_PRODUCTS_DIR; };
		AFF3B971262489E2003F85E3 /* ColorPickerSlider2App.swift */ = {isa = PBXFileReference; lastKnownFileType = sourcecode.swift; path = ColorPickerSlider2App.swift; sourceTree = "<group>"; };
		AFF3B973262489E2003F85E3 /* ContentView.swift */ = {isa = PBXFileReference; lastKnownFileType = sourcecode.swift; path = ContentView.swift; sourceTree = "<group>"; };
		AFF3B975262489F1003F85E3 /* Assets.xcassets */ = {isa = PBXFileReference; lastKnownFileType = folder.assetcatalog; path = Assets.xcassets; sourceTree = "<group>"; };
		AFF3B978262489F1003F85E3 /* Preview Assets.xcassets */ = {isa = PBXFileReference; lastKnownFileType = folder.assetcatalog; path = "Preview Assets.xcassets"; sourceTree = "<group>"; };
		AFF3B97A262489F1003F85E3 /* Info.plist */ = {isa = PBXFileReference; lastKnownFileType = text.plist.xml; path = Info.plist; sourceTree = "<group>"; };
		AFF3B98126248A17003F85E3 /* ColorSwatch.swift */ = {isa = PBXFileReference; lastKnownFileType = sourcecode.swift; path = ColorSwatch.swift; sourceTree = "<group>"; };
		AFF3B98726249381003F85E3 /* ColorSliderView.swift */ = {isa = PBXFileReference; lastKnownFileType = sourcecode.swift; path = ColorSliderView.swift; sourceTree = "<group>"; };
/* End PBXFileReference section */

/* Begin PBXFrameworksBuildPhase section */
		AFF3B96B262489E2003F85E3 /* Frameworks */ = {
			isa = PBXFrameworksBuildPhase;
			buildActionMask = 2147483647;
			files = (
			);
			runOnlyForDeploymentPostprocessing = 0;
		};
/* End PBXFrameworksBuildPhase section */

/* Begin PBXGroup section */
		AFF3B965262489E2003F85E3 = {
			isa = PBXGroup;
			children = (
				AFF3B970262489E2003F85E3 /* ColorPickerSlider2 */,
				AFF3B96F262489E2003F85E3 /* Products */,
			);
			sourceTree = "<group>";
		};
		AFF3B96F262489E2003F85E3 /* Products */ = {
			isa = PBXGroup;
			children = (
				AFF3B96E262489E2003F85E3 /* ColorPickerSlider2.app */,
			);
			name = Products;
			sourceTree = "<group>";
		};
		AFF3B970262489E2003F85E3 /* ColorPickerSlider2 */ = {
			isa = PBXGroup;
			children = (
				AFF3B971262489E2003F85E3 /* ColorPickerSlider2App.swift */,
				AFF3B973262489E2003F85E3 /* ContentView.swift */,
				AFF3B975262489F1003F85E3 /* Assets.xcassets */,
				AFF3B97A262489F1003F85E3 /* Info.plist */,
				AFF3B977262489F1003F85E3 /* Preview Content */,
				AFF3B98126248A17003F85E3 /* ColorSwatch.swift */,
				AFF3B98726249381003F85E3 /* ColorSliderView.swift */,
			);
			path = ColorPickerSlider2;
			sourceTree = "<group>";
		};
		AFF3B977262489F1003F85E3 /* Preview Content */ = {
			isa = PBXGroup;
			children = (
				AFF3B978262489F1003F85E3 /* Preview Assets.xcassets */,
			);
			path = "Preview Content";
			sourceTree = "<group>";
		};
/* End PBXGroup section */

/* Begin PBXNativeTarget section */
		AFF3B96D262489E2003F85E3 /* ColorPickerSlider2 */ = {
			isa = PBXNativeTarget;
			buildConfigurationList = AFF3B97D262489F1003F85E3 /* Build configuration list for PBXNativeTarget "ColorPickerSlider2" */;
			buildPhases = (
				AFF3B96A262489E2003F85E3 /* Sources */,
				AFF3B96B262489E2003F85E3 /* Frameworks */,
				AFF3B96C262489E2003F85E3 /* Resources */,
			);
			buildRules = (
			);
			dependencies = (
			);
			name = ColorPickerSlider2;
			productName = ColorPickerSlider2;
			productReference = AFF3B96E262489E2003F85E3 /* ColorPickerSlider2.app */;
			productType = "com.apple.product-type.application";
		};
/* End PBXNativeTarget section */

/* Begin PBXProject section */
		AFF3B966262489E2003F85E3 /* Project object */ = {
			isa = PBXProject;
			attributes = {
				LastSwiftUpdateCheck = 1220;
				LastUpgradeCheck = 1220;
				TargetAttributes = {
					AFF3B96D262489E2003F85E3 = {
						CreatedOnToolsVersion = 12.2;
					};
				};
			};
			buildConfigurationList = AFF3B969262489E2003F85E3 /* Build configuration list for PBXProject "ColorPickerSlider2" */;
			compatibilityVersion = "Xcode 9.3";
			developmentRegion = en;
			hasScannedForEncodings = 0;
			knownRegions = (
				en,
				Base,
			);
			mainGroup = AFF3B965262489E2003F85E3;
			productRefGroup = AFF3B96F262489E2003F85E3 /* Products */;
			projectDirPath = "";
			projectRoot = "";
			targets = (
				AFF3B96D262489E2003F85E3 /* ColorPickerSlider2 */,
			);
		};
/* End PBXProject section */

/* Begin PBXResourcesBuildPhase section */
		AFF3B96C262489E2003F85E3 /* Resources */ = {
			isa = PBXResourcesBuildPhase;
			buildActionMask = 2147483647;
			files = (
				AFF3B979262489F1003F85E3 /* Preview Assets.xcassets in Resources */,
				AFF3B976262489F1003F85E3 /* Assets.xcassets in Resources */,
			);
			runOnlyForDeploymentPostprocessing = 0;
		};
/* End PBXResourcesBuildPhase section */

/* Begin PBXSourcesBuildPhase section */
		AFF3B96A262489E2003F85E3 /* Sources */ = {
			isa = PBXSourcesBuildPhase;
			buildActionMask = 2147483647;
			files = (
				AFF3B974262489E2003F85E3 /* ContentView.swift in Sources */,
				AFF3B98826249382003F85E3 /* ColorSliderView.swift in Sources */,
				AFF3B972262489E2003F85E3 /* ColorPickerSlider2App.swift in Sources */,
				AFF3B98226248A17003F85E3 /* ColorSwatch.swift in Sources */,
			);
			runOnlyForDeploymentPostprocessing = 0;
		};
/* End PBXSourcesBuildPhase section */

/* Begin XCBuildConfiguration section */
		AFF3B97B262489F1003F85E3 /* Debug */ = {
			isa = XCBuildConfiguration;
			buildSettings = {
				ALWAYS_SEARCH_USER_PATHS = NO;
				CLANG_ANALYZER_NONNULL = YES;
				CLANG_ANALYZER_NUMBER_OBJECT_CONVERSION = YES_AGGRESSIVE;
				CLANG_CXX_LANGUAGE_STANDARD = "gnu++14";
				CLANG_CXX_LIBRARY = "libc++";
				CLANG_ENABLE_MODULES = YES;
				CLANG_ENABLE_OBJC_ARC = YES;
				CLANG_ENABLE_OBJC_WEAK = YES;
				CLANG_WARN_BLOCK_CAPTURE_AUTORELEASING = YES;
				CLANG_WARN_BOOL_CONVERSION = YES;
				CLANG_WARN_COMMA = YES;
				CLANG_WARN_CONSTANT_CONVERSION = YES;
				CLANG_WARN_DEPRECATED_OBJC_IMPLEMENTATIONS = YES;
				CLANG_WARN_DIRECT_OBJC_ISA_USAGE = YES_ERROR;
				CLANG_WARN_DOCUMENTATION_COMMENTS = YES;
				CLANG_WARN_EMPTY_BODY = YES;
				CLANG_WARN_ENUM_CONVERSION = YES;
				CLANG_WARN_INFINITE_RECURSION = YES;
				CLANG_WARN_INT_CONVERSION = YES;
				CLANG_WARN_NON_LITERAL_NULL_CONVERSION = YES;
				CLANG_WARN_OBJC_IMPLICIT_RETAIN_SELF = YES;
				CLANG_WARN_OBJC_LITERAL_CONVERSION = YES;
				CLANG_WARN_OBJC_ROOT_CLASS = YES_ERROR;
				CLANG_WARN_QUOTED_INCLUDE_IN_FRAMEWORK_HEADER = YES;
				CLANG_WARN_RANGE_LOOP_ANALYSIS = YES;
				CLANG_WARN_STRICT_PROTOTYPES = YES;
				CLANG_WARN_SUSPICIOUS_MOVE = YES;
				CLANG_WARN_UNGUARDED_AVAILABILITY = YES_AGGRESSIVE;
				CLANG_WARN_UNREACHABLE_CODE = YES;
				CLANG_WARN__DUPLICATE_METHOD_MATCH = YES;
				COPY_PHASE_STRIP = NO;
				DEBUG_INFORMATION_FORMAT = dwarf;
				ENABLE_STRICT_OBJC_MSGSEND = YES;
				ENABLE_TESTABILITY = YES;
				GCC_C_LANGUAGE_STANDARD = gnu11;
				GCC_DYNAMIC_NO_PIC = NO;
				GCC_NO_COMMON_BLOCKS = YES;
				GCC_OPTIMIZATION_LEVEL = 0;
				GCC_PREPROCESSOR_DEFINITIONS = (
					"DEBUG=1",
					"$(inherited)",
				);
				GCC_WARN_64_TO_32_BIT_CONVERSION = YES;
				GCC_WARN_ABOUT_RETURN_TYPE = YES_ERROR;
				GCC_WARN_UNDECLARED_SELECTOR = YES;
				GCC_WARN_UNINITIALIZED_AUTOS = YES_AGGRESSIVE;
				GCC_WARN_UNUSED_FUNCTION = YES;
				GCC_WARN_UNUSED_VARIABLE = YES;
				IPHONEOS_DEPLOYMENT_TARGET = 14.2;
				MTL_ENABLE_DEBUG_INFO = INCLUDE_SOURCE;
				MTL_FAST_MATH = YES;
				ONLY_ACTIVE_ARCH = YES;
				SDKROOT = iphoneos;
				SWIFT_ACTIVE_COMPILATION_CONDITIONS = DEBUG;
				SWIFT_OPTIMIZATION_LEVEL = "-Onone";
			};
			name = Debug;
		};
		AFF3B97C262489F1003F85E3 /* Release */ = {
			isa = XCBuildConfiguration;
			buildSettings = {
				ALWAYS_SEARCH_USER_PATHS = NO;
				CLANG_ANALYZER_NONNULL = YES;
				CLANG_ANALYZER_NUMBER_OBJECT_CONVERSION = YES_AGGRESSIVE;
				CLANG_CXX_LANGUAGE_STANDARD = "gnu++14";
				CLANG_CXX_LIBRARY = "libc++";
				CLANG_ENABLE_MODULES = YES;
				CLANG_ENABLE_OBJC_ARC = YES;
				CLANG_ENABLE_OBJC_WEAK = YES;
				CLANG_WARN_BLOCK_CAPTURE_AUTORELEASING = YES;
				CLANG_WARN_BOOL_CONVERSION = YES;
				CLANG_WARN_COMMA = YES;
				CLANG_WARN_CONSTANT_CONVERSION = YES;
				CLANG_WARN_DEPRECATED_OBJC_IMPLEMENTATIONS = YES;
				CLANG_WARN_DIRECT_OBJC_ISA_USAGE = YES_ERROR;
				CLANG_WARN_DOCUMENTATION_COMMENTS = YES;
				CLANG_WARN_EMPTY_BODY = YES;
				CLANG_WARN_ENUM_CONVERSION = YES;
				CLANG_WARN_INFINITE_RECURSION = YES;
				CLANG_WARN_INT_CONVERSION = YES;
				CLANG_WARN_NON_LITERAL_NULL_CONVERSION = YES;
				CLANG_WARN_OBJC_IMPLICIT_RETAIN_SELF = YES;
				CLANG_WARN_OBJC_LITERAL_CONVERSION = YES;
				CLANG_WARN_OBJC_ROOT_CLASS = YES_ERROR;
				CLANG_WARN_QUOTED_INCLUDE_IN_FRAMEWORK_HEADER = YES;
				CLANG_WARN_RANGE_LOOP_ANALYSIS = YES;
				CLANG_WARN_STRICT_PROTOTYPES = YES;
				CLANG_WARN_SUSPICIOUS_MOVE = YES;
				CLANG_WARN_UNGUARDED_AVAILABILITY = YES_AGGRESSIVE;
				CLANG_WARN_UNREACHABLE_CODE = YES;
				CLANG_WARN__DUPLICATE_METHOD_MATCH = YES;
				COPY_PHASE_STRIP = NO;
				DEBUG_INFORMATION_FORMAT = "dwarf-with-dsym";
				ENABLE_NS_ASSERTIONS = NO;
				ENABLE_STRICT_OBJC_MSGSEND = YES;
				GCC_C_LANGUAGE_STANDARD = gnu11;
				GCC_NO_COMMON_BLOCKS = YES;
				GCC_WARN_64_TO_32_BIT_CONVERSION = YES;
				GCC_WARN_ABOUT_RETURN_TYPE = YES_ERROR;
				GCC_WARN_UNDECLARED_SELECTOR = YES;
				GCC_WARN_UNINITIALIZED_AUTOS = YES_AGGRESSIVE;
				GCC_WARN_UNUSED_FUNCTION = YES;
				GCC_WARN_UNUSED_VARIABLE = YES;
				IPHONEOS_DEPLOYMENT_TARGET = 14.2;
				MTL_ENABLE_DEBUG_INFO = NO;
				MTL_FAST_MATH = YES;
				SDKROOT = iphoneos;
				SWIFT_COMPILATION_MODE = wholemodule;
				SWIFT_OPTIMIZATION_LEVEL = "-O";
				VALIDATE_PRODUCT = YES;
			};
			name = Release;
		};
		AFF3B97E262489F1003F85E3 /* Debug */ = {
			isa = XCBuildConfiguration;
			buildSettings = {
				ASSETCATALOG_COMPILER_APPICON_NAME = AppIcon;
				ASSETCATALOG_COMPILER_GLOBAL_ACCENT_COLOR_NAME = AccentColor;
				CODE_SIGN_STYLE = Automatic;
				DEVELOPMENT_ASSET_PATHS = "\"ColorPickerSlider2/Preview Content\"";
				DEVELOPMENT_TEAM = W3BU4T6J77;
				ENABLE_PREVIEWS = YES;
				INFOPLIST_FILE = ColorPickerSlider2/Info.plist;
				IPHONEOS_DEPLOYMENT_TARGET = 14.0;
				LD_RUNPATH_SEARCH_PATHS = (
					"$(inherited)",
					"@executable_path/Frameworks",
				);
				PRODUCT_BUNDLE_IDENTIFIER = com.aniadhikary.ColorPickerSlider2;
				PRODUCT_NAME = "$(TARGET_NAME)";
				SWIFT_VERSION = 5.0;
				TARGETED_DEVICE_FAMILY = "1,2";
			};
			name = Debug;
		};
		AFF3B97F262489F1003F85E3 /* Release */ = {
			isa = XCBuildConfiguration;
			buildSettings = {
				ASSETCATALOG_COMPILER_APPICON_NAME = AppIcon;
				ASSETCATALOG_COMPILER_GLOBAL_ACCENT_COLOR_NAME = AccentColor;
				CODE_SIGN_STYLE = Automatic;
				DEVELOPMENT_ASSET_PATHS = "\"ColorPickerSlider2/Preview Content\"";
				DEVELOPMENT_TEAM = W3BU4T6J77;
				ENABLE_PREVIEWS = YES;
				INFOPLIST_FILE = ColorPickerSlider2/Info.plist;
				IPHONEOS_DEPLOYMENT_TARGET = 14.0;
				LD_RUNPATH_SEARCH_PATHS = (
					"$(inherited)",
					"@executable_path/Frameworks",
				);
				PRODUCT_BUNDLE_IDENTIFIER = com.aniadhikary.ColorPickerSlider2;
				PRODUCT_NAME = "$(TARGET_NAME)";
				SWIFT_VERSION = 5.0;
				TARGETED_DEVICE_FAMILY = "1,2";
			};
			name = Release;
		};
/* End XCBuildConfiguration section */

/* Begin XCConfigurationList section */
		AFF3B969262489E2003F85E3 /* Build configuration list for PBXProject "ColorPickerSlider2" */ = {
			isa = XCConfigurationList;
			buildConfigurations = (
				AFF3B97B262489F1003F85E3 /* Debug */,
				AFF3B97C262489F1003F85E3 /* Release */,
			);
			defaultConfigurationIsVisible = 0;
			defaultConfigurationName = Release;
		};
		AFF3B97D262489F1003F85E3 /* Build configuration list for PBXNativeTarget "ColorPickerSlider2" */ = {
			isa = XCConfigurationList;
			buildConfigurations = (
				AFF3B97E262489F1003F85E3 /* Debug */,
				AFF3B97F262489F1003F85E3 /* Release */,
			);
			defaultConfigurationIsVisible = 0;
			defaultConfigurationName = Release;
		};
/* End XCConfigurationList section */
	};
	rootObject = AFF3B966262489E2003F85E3 /* Project object */;
}
