// !$*UTF8*$!
{
	archiveVersion = 1;
	classes = {
	};
	objectVersion = 50;
	objects = {

/* Begin PBXBuildFile section */
		AF89A7A0264BB5FE000418C7 /* ElementRow.swift in Sources */ = {isa = PBXBuildFile; fileRef = AF89A79F264BB5FE000418C7 /* ElementRow.swift */; };
		AFA5457D260E187B006869AE /* ElementListDemoApp.swift in Sources */ = {isa = PBXBuildFile; fileRef = AFA5457C260E187B006869AE /* ElementListDemoApp.swift */; };
		AFA5457F260E187B006869AE /* ContentView.swift in Sources */ = {isa = PBXBuildFile; fileRef = AFA5457E260E187B006869AE /* ContentView.swift */; };
		AFA54581260E188B006869AE /* Assets.xcassets in Resources */ = {isa = PBXBuildFile; fileRef = AFA54580260E188B006869AE /* Assets.xcassets */; };
		AFA54584260E188B006869AE /* Preview Assets.xcassets in Resources */ = {isa = PBXBuildFile; fileRef = AFA54583260E188B006869AE /* Preview Assets.xcassets */; };
		AFA5458D260E2AC0006869AE /* DataModel.swift in Sources */ = {isa = PBXBuildFile; fileRef = AFA5458C260E2AC0006869AE /* DataModel.swift */; };
		AFA54590260E412E006869AE /* DetailView.swift in Sources */ = {isa = PBXBuildFile; fileRef = AFA5458F260E412E006869AE /* DetailView.swift */; };
		AFA54594260E4678006869AE /* AppConstants.swift in Sources */ = {isa = PBXBuildFile; fileRef = AFA54593260E4678006869AE /* AppConstants.swift */; };
		AFD359B4264CCBF10097891B /* ElementDetailView.swift in Sources */ = {isa = PBXBuildFile; fileRef = AFD359B3264CCBF10097891B /* ElementDetailView.swift */; };
		AFD359B7264CCEBB0097891B /* ElementDetail.swift in Sources */ = {isa = PBXBuildFile; fileRef = AFD359B6264CCEBA0097891B /* ElementDetail.swift */; };
/* End PBXBuildFile section */

/* Begin PBXFileReference section */
		AF89A79F264BB5FE000418C7 /* ElementRow.swift */ = {isa = PBXFileReference; lastKnownFileType = sourcecode.swift; path = ElementRow.swift; sourceTree = "<group>"; };
		AFA54579260E187B006869AE /* ElementListDemoCustomRow.app */ = {isa = PBXFileReference; explicitFileType = wrapper.application; includeInIndex = 0; path = ElementListDemoCustomRow.app; sourceTree = BUILT_PRODUCTS_DIR; };
		AFA5457C260E187B006869AE /* ElementListDemoApp.swift */ = {isa = PBXFileReference; lastKnownFileType = sourcecode.swift; path = ElementListDemoApp.swift; sourceTree = "<group>"; };
		AFA5457E260E187B006869AE /* ContentView.swift */ = {isa = PBXFileReference; lastKnownFileType = sourcecode.swift; path = ContentView.swift; sourceTree = "<group>"; };
		AFA54580260E188B006869AE /* Assets.xcassets */ = {isa = PBXFileReference; lastKnownFileType = folder.assetcatalog; path = Assets.xcassets; sourceTree = "<group>"; };
		AFA54583260E188B006869AE /* Preview Assets.xcassets */ = {isa = PBXFileReference; lastKnownFileType = folder.assetcatalog; path = "Preview Assets.xcassets"; sourceTree = "<group>"; };
		AFA54585260E188B006869AE /* Info.plist */ = {isa = PBXFileReference; lastKnownFileType = text.plist.xml; path = Info.plist; sourceTree = "<group>"; };
		AFA5458C260E2AC0006869AE /* DataModel.swift */ = {isa = PBXFileReference; lastKnownFileType = sourcecode.swift; path = DataModel.swift; sourceTree = "<group>"; };
		AFA5458F260E412E006869AE /* DetailView.swift */ = {isa = PBXFileReference; lastKnownFileType = sourcecode.swift; path = DetailView.swift; sourceTree = "<group>"; };
		AFA54593260E4678006869AE /* AppConstants.swift */ = {isa = PBXFileReference; lastKnownFileType = sourcecode.swift; path = AppConstants.swift; sourceTree = "<group>"; };
		AFD359B3264CCBF10097891B /* ElementDetailView.swift */ = {isa = PBXFileReference; lastKnownFileType = sourcecode.swift; path = ElementDetailView.swift; sourceTree = "<group>"; };
		AFD359B6264CCEBA0097891B /* ElementDetail.swift */ = {isa = PBXFileReference; lastKnownFileType = sourcecode.swift; path = ElementDetail.swift; sourceTree = "<group>"; };
/* End PBXFileReference section */

/* Begin PBXFrameworksBuildPhase section */
		AFA54576260E187B006869AE /* Frameworks */ = {
			isa = PBXFrameworksBuildPhase;
			buildActionMask = 2147483647;
			files = (
			);
			runOnlyForDeploymentPostprocessing = 0;
		};
/* End PBXFrameworksBuildPhase section */

/* Begin PBXGroup section */
		AFA54570260E187B006869AE = {
			isa = PBXGroup;
			children = (
				AFA5457B260E187B006869AE /* ElementListDemoCustomRow */,
				AFA5457A260E187B006869AE /* Products */,
			);
			sourceTree = "<group>";
		};
		AFA5457A260E187B006869AE /* Products */ = {
			isa = PBXGroup;
			children = (
				AFA54579260E187B006869AE /* ElementListDemoCustomRow.app */,
			);
			name = Products;
			sourceTree = "<group>";
		};
		AFA5457B260E187B006869AE /* ElementListDemoCustomRow */ = {
			isa = PBXGroup;
			children = (
				AFA54592260E4663006869AE /* Utils */,
				AFA5457C260E187B006869AE /* ElementListDemoApp.swift */,
				AFA5457E260E187B006869AE /* ContentView.swift */,
				AFA54580260E188B006869AE /* Assets.xcassets */,
				AFA54585260E188B006869AE /* Info.plist */,
				AFA54582260E188B006869AE /* Preview Content */,
				AFA5458C260E2AC0006869AE /* DataModel.swift */,
				AFA5458F260E412E006869AE /* DetailView.swift */,
				AF89A79F264BB5FE000418C7 /* ElementRow.swift */,
				AFD359B3264CCBF10097891B /* ElementDetailView.swift */,
				AFD359B6264CCEBA0097891B /* ElementDetail.swift */,
			);
			path = ElementListDemoCustomRow;
			sourceTree = "<group>";
		};
		AFA54582260E188B006869AE /* Preview Content */ = {
			isa = PBXGroup;
			children = (
				AFA54583260E188B006869AE /* Preview Assets.xcassets */,
			);
			path = "Preview Content";
			sourceTree = "<group>";
		};
		AFA54592260E4663006869AE /* Utils */ = {
			isa = PBXGroup;
			children = (
				AFA54593260E4678006869AE /* AppConstants.swift */,
			);
			path = Utils;
			sourceTree = "<group>";
		};
/* End PBXGroup section */

/* Begin PBXNativeTarget section */
		AFA54578260E187B006869AE /* ElementListDemoCustomRow */ = {
			isa = PBXNativeTarget;
			buildConfigurationList = AFA54588260E188B006869AE /* Build configuration list for PBXNativeTarget "ElementListDemoCustomRow" */;
			buildPhases = (
				AFA54575260E187B006869AE /* Sources */,
				AFA54576260E187B006869AE /* Frameworks */,
				AFA54577260E187B006869AE /* Resources */,
			);
			buildRules = (
			);
			dependencies = (
			);
			name = ElementListDemoCustomRow;
			productName = ElementListDemo;
			productReference = AFA54579260E187B006869AE /* ElementListDemoCustomRow.app */;
			productType = "com.apple.product-type.application";
		};
/* End PBXNativeTarget section */

/* Begin PBXProject section */
		AFA54571260E187B006869AE /* Project object */ = {
			isa = PBXProject;
			attributes = {
				LastSwiftUpdateCheck = 1220;
				LastUpgradeCheck = 1220;
				TargetAttributes = {
					AFA54578260E187B006869AE = {
						CreatedOnToolsVersion = 12.2;
					};
				};
			};
			buildConfigurationList = AFA54574260E187B006869AE /* Build configuration list for PBXProject "ElementListDemoCustomRow" */;
			compatibilityVersion = "Xcode 9.3";
			developmentRegion = en;
			hasScannedForEncodings = 0;
			knownRegions = (
				en,
				Base,
			);
			mainGroup = AFA54570260E187B006869AE;
			productRefGroup = AFA5457A260E187B006869AE /* Products */;
			projectDirPath = "";
			projectRoot = "";
			targets = (
				AFA54578260E187B006869AE /* ElementListDemoCustomRow */,
			);
		};
/* End PBXProject section */

/* Begin PBXResourcesBuildPhase section */
		AFA54577260E187B006869AE /* Resources */ = {
			isa = PBXResourcesBuildPhase;
			buildActionMask = 2147483647;
			files = (
				AFA54584260E188B006869AE /* Preview Assets.xcassets in Resources */,
				AFA54581260E188B006869AE /* Assets.xcassets in Resources */,
			);
			runOnlyForDeploymentPostprocessing = 0;
		};
/* End PBXResourcesBuildPhase section */

/* Begin PBXSourcesBuildPhase section */
		AFA54575260E187B006869AE /* Sources */ = {
			isa = PBXSourcesBuildPhase;
			buildActionMask = 2147483647;
			files = (
				AFD359B4264CCBF10097891B /* ElementDetailView.swift in Sources */,
				AFA5457F260E187B006869AE /* ContentView.swift in Sources */,
				AFA54590260E412E006869AE /* DetailView.swift in Sources */,
				AFD359B7264CCEBB0097891B /* ElementDetail.swift in Sources */,
				AFA5457D260E187B006869AE /* ElementListDemoApp.swift in Sources */,
				AF89A7A0264BB5FE000418C7 /* ElementRow.swift in Sources */,
				AFA5458D260E2AC0006869AE /* DataModel.swift in Sources */,
				AFA54594260E4678006869AE /* AppConstants.swift in Sources */,
			);
			runOnlyForDeploymentPostprocessing = 0;
		};
/* End PBXSourcesBuildPhase section */

/* Begin XCBuildConfiguration section */
		AFA54586260E188B006869AE /* Debug */ = {
			isa = XCBuildConfiguration;
			buildSettings = {
				ALWAYS_SEARCH_USER_PATHS = NO;
				CLANG_ANALYZER_NONNULL = YES;
				CLANG_ANALYZER_NUMBER_OBJECT_CONVERSION = YES_AGGRESSIVE;
				CLANG_CXX_LANGUAGE_STANDARD = "gnu++14";
				CLANG_CXX_LIBRARY = "libc++";
				CLANG_ENABLE_MODULES = YES;
				CLANG_ENABLE_OBJC_ARC = YES;
				CLANG_ENABLE_OBJC_WEAK = YES;
				CLANG_WARN_BLOCK_CAPTURE_AUTORELEASING = YES;
				CLANG_WARN_BOOL_CONVERSION = YES;
				CLANG_WARN_COMMA = YES;
				CLANG_WARN_CONSTANT_CONVERSION = YES;
				CLANG_WARN_DEPRECATED_OBJC_IMPLEMENTATIONS = YES;
				CLANG_WARN_DIRECT_OBJC_ISA_USAGE = YES_ERROR;
				CLANG_WARN_DOCUMENTATION_COMMENTS = YES;
				CLANG_WARN_EMPTY_BODY = YES;
				CLANG_WARN_ENUM_CONVERSION = YES;
				CLANG_WARN_INFINITE_RECURSION = YES;
				CLANG_WARN_INT_CONVERSION = YES;
				CLANG_WARN_NON_LITERAL_NULL_CONVERSION = YES;
				CLANG_WARN_OBJC_IMPLICIT_RETAIN_SELF = YES;
				CLANG_WARN_OBJC_LITERAL_CONVERSION = YES;
				CLANG_WARN_OBJC_ROOT_CLASS = YES_ERROR;
				CLANG_WARN_QUOTED_INCLUDE_IN_FRAMEWORK_HEADER = YES;
				CLANG_WARN_RANGE_LOOP_ANALYSIS = YES;
				CLANG_WARN_STRICT_PROTOTYPES = YES;
				CLANG_WARN_SUSPICIOUS_MOVE = YES;
				CLANG_WARN_UNGUARDED_AVAILABILITY = YES_AGGRESSIVE;
				CLANG_WARN_UNREACHABLE_CODE = YES;
				CLANG_WARN__DUPLICATE_METHOD_MATCH = YES;
				COPY_PHASE_STRIP = NO;
				DEBUG_INFORMATION_FORMAT = dwarf;
				ENABLE_STRICT_OBJC_MSGSEND = YES;
				ENABLE_TESTABILITY = YES;
				GCC_C_LANGUAGE_STANDARD = gnu11;
				GCC_DYNAMIC_NO_PIC = NO;
				GCC_NO_COMMON_BLOCKS = YES;
				GCC_OPTIMIZATION_LEVEL = 0;
				GCC_PREPROCESSOR_DEFINITIONS = (
					"DEBUG=1",
					"$(inherited)",
				);
				GCC_WARN_64_TO_32_BIT_CONVERSION = YES;
				GCC_WARN_ABOUT_RETURN_TYPE = YES_ERROR;
				GCC_WARN_UNDECLARED_SELECTOR = YES;
				GCC_WARN_UNINITIALIZED_AUTOS = YES_AGGRESSIVE;
				GCC_WARN_UNUSED_FUNCTION = YES;
				GCC_WARN_UNUSED_VARIABLE = YES;
				IPHONEOS_DEPLOYMENT_TARGET = 14.2;
				MTL_ENABLE_DEBUG_INFO = INCLUDE_SOURCE;
				MTL_FAST_MATH = YES;
				ONLY_ACTIVE_ARCH = YES;
				SDKROOT = iphoneos;
				SWIFT_ACTIVE_COMPILATION_CONDITIONS = DEBUG;
				SWIFT_OPTIMIZATION_LEVEL = "-Onone";
			};
			name = Debug;
		};
		AFA54587260E188B006869AE /* Release */ = {
			isa = XCBuildConfiguration;
			buildSettings = {
				ALWAYS_SEARCH_USER_PATHS = NO;
				CLANG_ANALYZER_NONNULL = YES;
				CLANG_ANALYZER_NUMBER_OBJECT_CONVERSION = YES_AGGRESSIVE;
				CLANG_CXX_LANGUAGE_STANDARD = "gnu++14";
				CLANG_CXX_LIBRARY = "libc++";
				CLANG_ENABLE_MODULES = YES;
				CLANG_ENABLE_OBJC_ARC = YES;
				CLANG_ENABLE_OBJC_WEAK = YES;
				CLANG_WARN_BLOCK_CAPTURE_AUTORELEASING = YES;
				CLANG_WARN_BOOL_CONVERSION = YES;
				CLANG_WARN_COMMA = YES;
				CLANG_WARN_CONSTANT_CONVERSION = YES;
				CLANG_WARN_DEPRECATED_OBJC_IMPLEMENTATIONS = YES;
				CLANG_WARN_DIRECT_OBJC_ISA_USAGE = YES_ERROR;
				CLANG_WARN_DOCUMENTATION_COMMENTS = YES;
				CLANG_WARN_EMPTY_BODY = YES;
				CLANG_WARN_ENUM_CONVERSION = YES;
				CLANG_WARN_INFINITE_RECURSION = YES;
				CLANG_WARN_INT_CONVERSION = YES;
				CLANG_WARN_NON_LITERAL_NULL_CONVERSION = YES;
				CLANG_WARN_OBJC_IMPLICIT_RETAIN_SELF = YES;
				CLANG_WARN_OBJC_LITERAL_CONVERSION = YES;
				CLANG_WARN_OBJC_ROOT_CLASS = YES_ERROR;
				CLANG_WARN_QUOTED_INCLUDE_IN_FRAMEWORK_HEADER = YES;
				CLANG_WARN_RANGE_LOOP_ANALYSIS = YES;
				CLANG_WARN_STRICT_PROTOTYPES = YES;
				CLANG_WARN_SUSPICIOUS_MOVE = YES;
				CLANG_WARN_UNGUARDED_AVAILABILITY = YES_AGGRESSIVE;
				CLANG_WARN_UNREACHABLE_CODE = YES;
				CLANG_WARN__DUPLICATE_METHOD_MATCH = YES;
				COPY_PHASE_STRIP = NO;
				DEBUG_INFORMATION_FORMAT = "dwarf-with-dsym";
				ENABLE_NS_ASSERTIONS = NO;
				ENABLE_STRICT_OBJC_MSGSEND = YES;
				GCC_C_LANGUAGE_STANDARD = gnu11;
				GCC_NO_COMMON_BLOCKS = YES;
				GCC_WARN_64_TO_32_BIT_CONVERSION = YES;
				GCC_WARN_ABOUT_RETURN_TYPE = YES_ERROR;
				GCC_WARN_UNDECLARED_SELECTOR = YES;
				GCC_WARN_UNINITIALIZED_AUTOS = YES_AGGRESSIVE;
				GCC_WARN_UNUSED_FUNCTION = YES;
				GCC_WARN_UNUSED_VARIABLE = YES;
				IPHONEOS_DEPLOYMENT_TARGET = 14.2;
				MTL_ENABLE_DEBUG_INFO = NO;
				MTL_FAST_MATH = YES;
				SDKROOT = iphoneos;
				SWIFT_COMPILATION_MODE = wholemodule;
				SWIFT_OPTIMIZATION_LEVEL = "-O";
				VALIDATE_PRODUCT = YES;
			};
			name = Release;
		};
		AFA54589260E188B006869AE /* Debug */ = {
			isa = XCBuildConfiguration;
			buildSettings = {
				ASSETCATALOG_COMPILER_APPICON_NAME = AppIcon;
				ASSETCATALOG_COMPILER_GLOBAL_ACCENT_COLOR_NAME = AccentColor;
				CODE_SIGN_STYLE = Automatic;
				DEVELOPMENT_ASSET_PATHS = "\"ElementListDemoCustomRow/Preview Content\"";
				DEVELOPMENT_TEAM = W3BU4T6J77;
				ENABLE_PREVIEWS = YES;
				INFOPLIST_FILE = ElementListDemoCustomRow/Info.plist;
				IPHONEOS_DEPLOYMENT_TARGET = 14.0;
				LD_RUNPATH_SEARCH_PATHS = (
					"$(inherited)",
					"@executable_path/Frameworks",
				);
				PRODUCT_BUNDLE_IDENTIFIER = com.aniadhikary.ElementListDemoCustomRow;
				PRODUCT_NAME = "$(TARGET_NAME)";
				SWIFT_VERSION = 5.0;
				TARGETED_DEVICE_FAMILY = "1,2";
			};
			name = Debug;
		};
		AFA5458A260E188B006869AE /* Release */ = {
			isa = XCBuildConfiguration;
			buildSettings = {
				ASSETCATALOG_COMPILER_APPICON_NAME = AppIcon;
				ASSETCATALOG_COMPILER_GLOBAL_ACCENT_COLOR_NAME = AccentColor;
				CODE_SIGN_STYLE = Automatic;
				DEVELOPMENT_ASSET_PATHS = "\"ElementListDemoCustomRow/Preview Content\"";
				DEVELOPMENT_TEAM = W3BU4T6J77;
				ENABLE_PREVIEWS = YES;
				INFOPLIST_FILE = ElementListDemoCustomRow/Info.plist;
				IPHONEOS_DEPLOYMENT_TARGET = 14.0;
				LD_RUNPATH_SEARCH_PATHS = (
					"$(inherited)",
					"@executable_path/Frameworks",
				);
				PRODUCT_BUNDLE_IDENTIFIER = com.aniadhikary.ElementListDemoCustomRow;
				PRODUCT_NAME = "$(TARGET_NAME)";
				SWIFT_VERSION = 5.0;
				TARGETED_DEVICE_FAMILY = "1,2";
			};
			name = Release;
		};
/* End XCBuildConfiguration section */

/* Begin XCConfigurationList section */
		AFA54574260E187B006869AE /* Build configuration list for PBXProject "ElementListDemoCustomRow" */ = {
			isa = XCConfigurationList;
			buildConfigurations = (
				AFA54586260E188B006869AE /* Debug */,
				AFA54587260E188B006869AE /* Release */,
			);
			defaultConfigurationIsVisible = 0;
			defaultConfigurationName = Release;
		};
		AFA54588260E188B006869AE /* Build configuration list for PBXNativeTarget "ElementListDemoCustomRow" */ = {
			isa = XCConfigurationList;
			buildConfigurations = (
				AFA54589260E188B006869AE /* Debug */,
				AFA5458A260E188B006869AE /* Release */,
			);
			defaultConfigurationIsVisible = 0;
			defaultConfigurationName = Release;
		};
/* End XCConfigurationList section */
	};
	rootObject = AFA54571260E187B006869AE /* Project object */;
}
